
Microsoft Visual Studio Solution File, Format Version 12.00
# Visual Studio Version 16
VisualStudioVersion = 16.0.28803.202
MinimumVisualStudioVersion = 10.0.40219.1
Project("{888888A0-9F3D-457C-B088-3A5042F75D52}") = "CapstoneProjects", "CapstoneProjects\CapstoneProjects.pyproj", "{5643F298-D56B-43B6-BD90-1B5487458B04}"
EndProject
Global
	GlobalSection(SolutionConfigurationPlatforms) = preSolution
		Debug|Any CPU = Debug|Any CPU
		Release|Any CPU = Release|Any CPU
	EndGlobalSection
	GlobalSection(ProjectConfigurationPlatforms) = postSolution
		{5643F298-D56B-43B6-BD90-1B5487458B04}.Debug|Any CPU.ActiveCfg = Debug|Any CPU
		{5643F298-D56B-43B6-BD90-1B5487458B04}.Release|Any CPU.ActiveCfg = Release|Any CPU
	EndGlobalSection
	GlobalSection(SolutionProperties) = preSolution
		HideSolutionNode = FALSE
	EndGlobalSection
	GlobalSection(ExtensibilityGlobals) = postSolution
		SolutionGuid = {0313C490-307E-417B-B142-330F284E59E4}
	EndGlobalSection
EndGlobal
